
Microsoft Visual Studio Solution File, Format Version 12.00
# Visual Studio 15
VisualStudioVersion = 15.0.26124.0
MinimumVisualStudioVersion = 15.0.26124.0
Project("{9A19103F-16F7-4668-BE54-9A1E7A4F7556}") = "DependencyInjection", "DependencyInjection\DependencyInjection.csproj", "{C7113C47-750E-4F85-B034-00F360EF9D95}"
EndProject
Project("{9A19103F-16F7-4668-BE54-9A1E7A4F7556}") = "CoustomConfigProvider", "CoustomConfigProvider\CoustomConfigProvider.csproj", "{B562A88A-FFA2-4C9E-9A01-53AAD3FA4038}"
EndProject
Project("{9A19103F-16F7-4668-BE54-9A1E7A4F7556}") = "DependencyInjectionApi", "DependencyInjectionApi\DependencyInjectionApi.csproj", "{FBE28074-45C5-4DD9-B130-81AD9AB5A307}"
EndProject
Project("{FAE04EC0-301F-11D3-BF4B-00C04F79EFBC}") = "OptionsExamples", "OptionsExamples\OptionsExamples.csproj", "{1484B890-135D-44D7-9B5B-F9A7F9677EE6}"
EndProject
Global
	GlobalSection(SolutionConfigurationPlatforms) = preSolution
		Debug|Any CPU = Debug|Any CPU
		Debug|x64 = Debug|x64
		Debug|x86 = Debug|x86
		Release|Any CPU = Release|Any CPU
		Release|x64 = Release|x64
		Release|x86 = Release|x86
	EndGlobalSection
	GlobalSection(ProjectConfigurationPlatforms) = postSolution
		{C7113C47-750E-4F85-B034-00F360EF9D95}.Debug|Any CPU.ActiveCfg = Debug|Any CPU
		{C7113C47-750E-4F85-B034-00F360EF9D95}.Debug|Any CPU.Build.0 = Debug|Any CPU
		{C7113C47-750E-4F85-B034-00F360EF9D95}.Debug|x64.ActiveCfg = Debug|Any CPU
		{C7113C47-750E-4F85-B034-00F360EF9D95}.Debug|x64.Build.0 = Debug|Any CPU
		{C7113C47-750E-4F85-B034-00F360EF9D95}.Debug|x86.ActiveCfg = Debug|Any CPU
		{C7113C47-750E-4F85-B034-00F360EF9D95}.Debug|x86.Build.0 = Debug|Any CPU
		{C7113C47-750E-4F85-B034-00F360EF9D95}.Release|Any CPU.ActiveCfg = Release|Any CPU
		{C7113C47-750E-4F85-B034-00F360EF9D95}.Release|Any CPU.Build.0 = Release|Any CPU
		{C7113C47-750E-4F85-B034-00F360EF9D95}.Release|x64.ActiveCfg = Release|Any CPU
		{C7113C47-750E-4F85-B034-00F360EF9D95}.Release|x64.Build.0 = Release|Any CPU
		{C7113C47-750E-4F85-B034-00F360EF9D95}.Release|x86.ActiveCfg = Release|Any CPU
		{C7113C47-750E-4F85-B034-00F360EF9D95}.Release|x86.Build.0 = Release|Any CPU
		{B562A88A-FFA2-4C9E-9A01-53AAD3FA4038}.Debug|Any CPU.ActiveCfg = Debug|Any CPU
		{B562A88A-FFA2-4C9E-9A01-53AAD3FA4038}.Debug|Any CPU.Build.0 = Debug|Any CPU
		{B562A88A-FFA2-4C9E-9A01-53AAD3FA4038}.Debug|x64.ActiveCfg = Debug|Any CPU
		{B562A88A-FFA2-4C9E-9A01-53AAD3FA4038}.Debug|x64.Build.0 = Debug|Any CPU
		{B562A88A-FFA2-4C9E-9A01-53AAD3FA4038}.Debug|x86.ActiveCfg = Debug|Any CPU
		{B562A88A-FFA2-4C9E-9A01-53AAD3FA4038}.Debug|x86.Build.0 = Debug|Any CPU
		{B562A88A-FFA2-4C9E-9A01-53AAD3FA4038}.Release|Any CPU.ActiveCfg = Release|Any CPU
		{B562A88A-FFA2-4C9E-9A01-53AAD3FA4038}.Release|Any CPU.Build.0 = Release|Any CPU
		{B562A88A-FFA2-4C9E-9A01-53AAD3FA4038}.Release|x64.ActiveCfg = Release|Any CPU
		{B562A88A-FFA2-4C9E-9A01-53AAD3FA4038}.Release|x64.Build.0 = Release|Any CPU
		{B562A88A-FFA2-4C9E-9A01-53AAD3FA4038}.Release|x86.ActiveCfg = Release|Any CPU
		{B562A88A-FFA2-4C9E-9A01-53AAD3FA4038}.Release|x86.Build.0 = Release|Any CPU
		{FBE28074-45C5-4DD9-B130-81AD9AB5A307}.Debug|Any CPU.ActiveCfg = Debug|Any CPU
		{FBE28074-45C5-4DD9-B130-81AD9AB5A307}.Debug|Any CPU.Build.0 = Debug|Any CPU
		{FBE28074-45C5-4DD9-B130-81AD9AB5A307}.Debug|x64.ActiveCfg = Debug|Any CPU
		{FBE28074-45C5-4DD9-B130-81AD9AB5A307}.Debug|x64.Build.0 = Debug|Any CPU
		{FBE28074-45C5-4DD9-B130-81AD9AB5A307}.Debug|x86.ActiveCfg = Debug|Any CPU
		{FBE28074-45C5-4DD9-B130-81AD9AB5A307}.Debug|x86.Build.0 = Debug|Any CPU
		{FBE28074-45C5-4DD9-B130-81AD9AB5A307}.Release|Any CPU.ActiveCfg = Release|Any CPU
		{FBE28074-45C5-4DD9-B130-81AD9AB5A307}.Release|Any CPU.Build.0 = Release|Any CPU
		{FBE28074-45C5-4DD9-B130-81AD9AB5A307}.Release|x64.ActiveCfg = Release|Any CPU
		{FBE28074-45C5-4DD9-B130-81AD9AB5A307}.Release|x64.Build.0 = Release|Any CPU
		{FBE28074-45C5-4DD9-B130-81AD9AB5A307}.Release|x86.ActiveCfg = Release|Any CPU
		{FBE28074-45C5-4DD9-B130-81AD9AB5A307}.Release|x86.Build.0 = Release|Any CPU
		{1484B890-135D-44D7-9B5B-F9A7F9677EE6}.Debug|Any CPU.ActiveCfg = Debug|Any CPU
		{1484B890-135D-44D7-9B5B-F9A7F9677EE6}.Debug|Any CPU.Build.0 = Debug|Any CPU
		{1484B890-135D-44D7-9B5B-F9A7F9677EE6}.Debug|x64.ActiveCfg = Debug|Any CPU
		{1484B890-135D-44D7-9B5B-F9A7F9677EE6}.Debug|x64.Build.0 = Debug|Any CPU
		{1484B890-135D-44D7-9B5B-F9A7F9677EE6}.Debug|x86.ActiveCfg = Debug|Any CPU
		{1484B890-135D-44D7-9B5B-F9A7F9677EE6}.Debug|x86.Build.0 = Debug|Any CPU
		{1484B890-135D-44D7-9B5B-F9A7F9677EE6}.Release|Any CPU.ActiveCfg = Release|Any CPU
		{1484B890-135D-44D7-9B5B-F9A7F9677EE6}.Release|Any CPU.Build.0 = Release|Any CPU
		{1484B890-135D-44D7-9B5B-F9A7F9677EE6}.Release|x64.ActiveCfg = Release|Any CPU
		{1484B890-135D-44D7-9B5B-F9A7F9677EE6}.Release|x64.Build.0 = Release|Any CPU
		{1484B890-135D-44D7-9B5B-F9A7F9677EE6}.Release|x86.ActiveCfg = Release|Any CPU
		{1484B890-135D-44D7-9B5B-F9A7F9677EE6}.Release|x86.Build.0 = Release|Any CPU
	EndGlobalSection
	GlobalSection(SolutionProperties) = preSolution
		HideSolutionNode = FALSE
	EndGlobalSection
	GlobalSection(ExtensibilityGlobals) = postSolution
		SolutionGuid = {16D57E2F-DDE8-410F-8443-3E198F9AEB21}
	EndGlobalSection
EndGlobal
